
Microsoft Visual Studio Solution File, Format Version 12.00
# Visual Studio Version 16
VisualStudioVersion = 16.0.29324.140
MinimumVisualStudioVersion = 10.0.40219.1
Project("{FAE04EC0-301F-11D3-BF4B-00C04F79EFBC}") = "Antivirus", "Antivirus\Antivirus.csproj", "{712991B3-E1C1-4B91-B8D4-6F9AA1ED3D52}"
EndProject
Project("{2150E333-8FDC-42A3-9474-1A3956D46DE8}") = "Solution Items", "Solution Items", "{A933158F-E761-45DC-A98F-2E1DB7727572}"
EndProject
Project("{FAE04EC0-301F-11D3-BF4B-00C04F79EFBC}") = "Counter", "Counter\Counter.csproj", "{EC283CEA-40B0-4AA4-8747-83720CB6688B}"
EndProject
Project("{FAE04EC0-301F-11D3-BF4B-00C04F79EFBC}") = "nClam", "nClam\nClam.csproj", "{4F90429F-3CB1-4972-AEC1-3A06FA8841D1}"
EndProject
Project("{FAE04EC0-301F-11D3-BF4B-00C04F79EFBC}") = "FullScanCounter", "FullScanCounter\FullScanCounter.csproj", "{D3070A66-CE2B-447A-8DDC-7945E4DEB0D6}"
EndProject
Project("{FAE04EC0-301F-11D3-BF4B-00C04F79EFBC}") = "repeat", "repeat\repeat.csproj", "{D30030BC-1389-49C5-82A8-7AC43FACAAD2}"
EndProject
Project("{FAE04EC0-301F-11D3-BF4B-00C04F79EFBC}") = "AccessFile", "AccessFile\AccessFile.csproj", "{4856180F-5C9E-4F8A-9A75-8CEA6B6B5F70}"
EndProject
Project("{FAE04EC0-301F-11D3-BF4B-00C04F79EFBC}") = "ContractLibrary", "ContractLibrary\ContractLibrary.csproj", "{38C37E59-68FA-4AFE-AB69-902062182EB7}"
EndProject
Project("{FAE04EC0-301F-11D3-BF4B-00C04F79EFBC}") = "FilePath", "FilePath\FilePath.csproj", "{18ADBFB2-7827-48F5-8E49-63295E0198F4}"
EndProject
Project("{930C7802-8A8C-48F9-8165-68863BCCD9DD}") = "Visual_NikiK", "Visual_NikiK\Visual_NikiK.wixproj", "{E1245213-2618-4ECB-BCD7-9BC1F5F2C524}"
	ProjectSection(ProjectDependencies) = postProject
		{2A4121A1-BFF5-4EFD-AB38-7478DB8944E9} = {2A4121A1-BFF5-4EFD-AB38-7478DB8944E9}
	EndProjectSection
EndProject
Project("{930C7802-8A8C-48F9-8165-68863BCCD9DD}") = "SetupNiki", "SetupNiki\SetupNiki.wixproj", "{B9C0E040-88A2-4B75-A04E-7DDF0F1FD0E0}"
EndProject
Project("{FAE04EC0-301F-11D3-BF4B-00C04F79EFBC}") = "StartupFolderShortcut", "StartupFolderShortcut\StartupFolderShortcut.csproj", "{CDCEB172-C260-4F00-85C5-BC3D22E064C3}"
EndProject
Project("{FAE04EC0-301F-11D3-BF4B-00C04F79EFBC}") = "WindowsServiceUpdate", "WindowsServiceUpdate\WindowsServiceUpdate\WindowsServiceUpdate.csproj", "{8E916D8C-6CE0-47C8-B787-2FFEF49C17A2}"
EndProject
Project("{FAE04EC0-301F-11D3-BF4B-00C04F79EFBC}") = "NikiUsb", "NikiUsb\NikiUsb.csproj", "{5DCC15D4-93D1-4D86-AD80-AC58154E865B}"
EndProject
Project("{FAE04EC0-301F-11D3-BF4B-00C04F79EFBC}") = "Visual_NikiK.Ui", "Visual_NikiK.Ui\Visual_NikiK.Ui.csproj", "{2A4121A1-BFF5-4EFD-AB38-7478DB8944E9}"
EndProject
Project("{FAE04EC0-301F-11D3-BF4B-00C04F79EFBC}") = "SystemTray", "SystemTray\SystemTray\SystemTray.csproj", "{328A5B46-833C-49A2-978C-C044F2C011C5}"
EndProject
Project("{FAE04EC0-301F-11D3-BF4B-00C04F79EFBC}") = "ApplicationScanner", "ApplicationScanner\ApplicationScanner.csproj", "{CE654282-2F1E-4C3E-ACA0-1161B6DC7249}"
EndProject
Global
	GlobalSection(SolutionConfigurationPlatforms) = preSolution
		CD_ROM|Any CPU = CD_ROM|Any CPU
		CD_ROM|Mixed Platforms = CD_ROM|Mixed Platforms
		CD_ROM|x86 = CD_ROM|x86
		Debug|Any CPU = Debug|Any CPU
		Debug|Mixed Platforms = Debug|Mixed Platforms
		Debug|x86 = Debug|x86
		DVD-5|Any CPU = DVD-5|Any CPU
		DVD-5|Mixed Platforms = DVD-5|Mixed Platforms
		DVD-5|x86 = DVD-5|x86
		Release|Any CPU = Release|Any CPU
		Release|Mixed Platforms = Release|Mixed Platforms
		Release|x86 = Release|x86
		SingleImage|Any CPU = SingleImage|Any CPU
		SingleImage|Mixed Platforms = SingleImage|Mixed Platforms
		SingleImage|x86 = SingleImage|x86
	EndGlobalSection
	GlobalSection(ProjectConfigurationPlatforms) = postSolution
		{712991B3-E1C1-4B91-B8D4-6F9AA1ED3D52}.CD_ROM|Any CPU.ActiveCfg = Release|Any CPU
		{712991B3-E1C1-4B91-B8D4-6F9AA1ED3D52}.CD_ROM|Any CPU.Build.0 = Release|Any CPU
		{712991B3-E1C1-4B91-B8D4-6F9AA1ED3D52}.CD_ROM|Mixed Platforms.ActiveCfg = Debug|Any CPU
		{712991B3-E1C1-4B91-B8D4-6F9AA1ED3D52}.CD_ROM|Mixed Platforms.Build.0 = Debug|Any CPU
		{712991B3-E1C1-4B91-B8D4-6F9AA1ED3D52}.CD_ROM|x86.ActiveCfg = Debug|Any CPU
		{712991B3-E1C1-4B91-B8D4-6F9AA1ED3D52}.Debug|Any CPU.ActiveCfg = Debug|Any CPU
		{712991B3-E1C1-4B91-B8D4-6F9AA1ED3D52}.Debug|Any CPU.Build.0 = Debug|Any CPU
		{712991B3-E1C1-4B91-B8D4-6F9AA1ED3D52}.Debug|Mixed Platforms.ActiveCfg = Debug|Any CPU
		{712991B3-E1C1-4B91-B8D4-6F9AA1ED3D52}.Debug|Mixed Platforms.Build.0 = Debug|Any CPU
		{712991B3-E1C1-4B91-B8D4-6F9AA1ED3D52}.Debug|x86.ActiveCfg = Debug|Any CPU
		{712991B3-E1C1-4B91-B8D4-6F9AA1ED3D52}.DVD-5|Any CPU.ActiveCfg = Debug|Any CPU
		{712991B3-E1C1-4B91-B8D4-6F9AA1ED3D52}.DVD-5|Any CPU.Build.0 = Debug|Any CPU
		{712991B3-E1C1-4B91-B8D4-6F9AA1ED3D52}.DVD-5|Mixed Platforms.ActiveCfg = Debug|Any CPU
		{712991B3-E1C1-4B91-B8D4-6F9AA1ED3D52}.DVD-5|Mixed Platforms.Build.0 = Debug|Any CPU
		{712991B3-E1C1-4B91-B8D4-6F9AA1ED3D52}.DVD-5|x86.ActiveCfg = Debug|Any CPU
		{712991B3-E1C1-4B91-B8D4-6F9AA1ED3D52}.Release|Any CPU.ActiveCfg = Release|Any CPU
		{712991B3-E1C1-4B91-B8D4-6F9AA1ED3D52}.Release|Any CPU.Build.0 = Release|Any CPU
		{712991B3-E1C1-4B91-B8D4-6F9AA1ED3D52}.Release|Mixed Platforms.ActiveCfg = Release|Any CPU
		{712991B3-E1C1-4B91-B8D4-6F9AA1ED3D52}.Release|Mixed Platforms.Build.0 = Release|Any CPU
		{712991B3-E1C1-4B91-B8D4-6F9AA1ED3D52}.Release|x86.ActiveCfg = Release|Any CPU
		{712991B3-E1C1-4B91-B8D4-6F9AA1ED3D52}.SingleImage|Any CPU.ActiveCfg = Release|Any CPU
		{712991B3-E1C1-4B91-B8D4-6F9AA1ED3D52}.SingleImage|Any CPU.Build.0 = Release|Any CPU
		{712991B3-E1C1-4B91-B8D4-6F9AA1ED3D52}.SingleImage|Mixed Platforms.ActiveCfg = Debug|Any CPU
		{712991B3-E1C1-4B91-B8D4-6F9AA1ED3D52}.SingleImage|Mixed Platforms.Build.0 = Debug|Any CPU
		{712991B3-E1C1-4B91-B8D4-6F9AA1ED3D52}.SingleImage|x86.ActiveCfg = Debug|Any CPU
		{EC283CEA-40B0-4AA4-8747-83720CB6688B}.CD_ROM|Any CPU.ActiveCfg = Release|Any CPU
		{EC283CEA-40B0-4AA4-8747-83720CB6688B}.CD_ROM|Any CPU.Build.0 = Release|Any CPU
		{EC283CEA-40B0-4AA4-8747-83720CB6688B}.CD_ROM|Mixed Platforms.ActiveCfg = Debug|Any CPU
		{EC283CEA-40B0-4AA4-8747-83720CB6688B}.CD_ROM|Mixed Platforms.Build.0 = Debug|Any CPU
		{EC283CEA-40B0-4AA4-8747-83720CB6688B}.CD_ROM|x86.ActiveCfg = Debug|Any CPU
		{EC283CEA-40B0-4AA4-8747-83720CB6688B}.Debug|Any CPU.ActiveCfg = Debug|Any CPU
		{EC283CEA-40B0-4AA4-8747-83720CB6688B}.Debug|Any CPU.Build.0 = Debug|Any CPU
		{EC283CEA-40B0-4AA4-8747-83720CB6688B}.Debug|Mixed Platforms.ActiveCfg = Debug|Any CPU
		{EC283CEA-40B0-4AA4-8747-83720CB6688B}.Debug|Mixed Platforms.Build.0 = Debug|Any CPU
		{EC283CEA-40B0-4AA4-8747-83720CB6688B}.Debug|x86.ActiveCfg = Debug|Any CPU
		{EC283CEA-40B0-4AA4-8747-83720CB6688B}.DVD-5|Any CPU.ActiveCfg = Debug|Any CPU
		{EC283CEA-40B0-4AA4-8747-83720CB6688B}.DVD-5|Any CPU.Build.0 = Debug|Any CPU
		{EC283CEA-40B0-4AA4-8747-83720CB6688B}.DVD-5|Mixed Platforms.ActiveCfg = Debug|Any CPU
		{EC283CEA-40B0-4AA4-8747-83720CB6688B}.DVD-5|Mixed Platforms.Build.0 = Debug|Any CPU
		{EC283CEA-40B0-4AA4-8747-83720CB6688B}.DVD-5|x86.ActiveCfg = Debug|Any CPU
		{EC283CEA-40B0-4AA4-8747-83720CB6688B}.Release|Any CPU.ActiveCfg = Release|Any CPU
		{EC283CEA-40B0-4AA4-8747-83720CB6688B}.Release|Any CPU.Build.0 = Release|Any CPU
		{EC283CEA-40B0-4AA4-8747-83720CB6688B}.Release|Mixed Platforms.ActiveCfg = Release|Any CPU
		{EC283CEA-40B0-4AA4-8747-83720CB6688B}.Release|Mixed Platforms.Build.0 = Release|Any CPU
		{EC283CEA-40B0-4AA4-8747-83720CB6688B}.Release|x86.ActiveCfg = Release|Any CPU
		{EC283CEA-40B0-4AA4-8747-83720CB6688B}.SingleImage|Any CPU.ActiveCfg = Release|Any CPU
		{EC283CEA-40B0-4AA4-8747-83720CB6688B}.SingleImage|Any CPU.Build.0 = Release|Any CPU
		{EC283CEA-40B0-4AA4-8747-83720CB6688B}.SingleImage|Mixed Platforms.ActiveCfg = Debug|Any CPU
		{EC283CEA-40B0-4AA4-8747-83720CB6688B}.SingleImage|Mixed Platforms.Build.0 = Debug|Any CPU
		{EC283CEA-40B0-4AA4-8747-83720CB6688B}.SingleImage|x86.ActiveCfg = Debug|Any CPU
		{4F90429F-3CB1-4972-AEC1-3A06FA8841D1}.CD_ROM|Any CPU.ActiveCfg = Release|Any CPU
		{4F90429F-3CB1-4972-AEC1-3A06FA8841D1}.CD_ROM|Any CPU.Build.0 = Release|Any CPU
		{4F90429F-3CB1-4972-AEC1-3A06FA8841D1}.CD_ROM|Mixed Platforms.ActiveCfg = Debug|Any CPU
		{4F90429F-3CB1-4972-AEC1-3A06FA8841D1}.CD_ROM|Mixed Platforms.Build.0 = Debug|Any CPU
		{4F90429F-3CB1-4972-AEC1-3A06FA8841D1}.CD_ROM|x86.ActiveCfg = Debug|Any CPU
		{4F90429F-3CB1-4972-AEC1-3A06FA8841D1}.Debug|Any CPU.ActiveCfg = Debug|Any CPU
		{4F90429F-3CB1-4972-AEC1-3A06FA8841D1}.Debug|Any CPU.Build.0 = Debug|Any CPU
		{4F90429F-3CB1-4972-AEC1-3A06FA8841D1}.Debug|Mixed Platforms.ActiveCfg = Debug|Any CPU
		{4F90429F-3CB1-4972-AEC1-3A06FA8841D1}.Debug|Mixed Platforms.Build.0 = Debug|Any CPU
		{4F90429F-3CB1-4972-AEC1-3A06FA8841D1}.Debug|x86.ActiveCfg = Debug|Any CPU
		{4F90429F-3CB1-4972-AEC1-3A06FA8841D1}.DVD-5|Any CPU.ActiveCfg = Debug|Any CPU
		{4F90429F-3CB1-4972-AEC1-3A06FA8841D1}.DVD-5|Any CPU.Build.0 = Debug|Any CPU
		{4F90429F-3CB1-4972-AEC1-3A06FA8841D1}.DVD-5|Mixed Platforms.ActiveCfg = Debug|Any CPU
		{4F90429F-3CB1-4972-AEC1-3A06FA8841D1}.DVD-5|Mixed Platforms.Build.0 = Debug|Any CPU
		{4F90429F-3CB1-4972-AEC1-3A06FA8841D1}.DVD-5|x86.ActiveCfg = Debug|Any CPU
		{4F90429F-3CB1-4972-AEC1-3A06FA8841D1}.Release|Any CPU.ActiveCfg = Release|Any CPU
		{4F90429F-3CB1-4972-AEC1-3A06FA8841D1}.Release|Any CPU.Build.0 = Release|Any CPU
		{4F90429F-3CB1-4972-AEC1-3A06FA8841D1}.Release|Mixed Platforms.ActiveCfg = Release|Any CPU
		{4F90429F-3CB1-4972-AEC1-3A06FA8841D1}.Release|Mixed Platforms.Build.0 = Release|Any CPU
		{4F90429F-3CB1-4972-AEC1-3A06FA8841D1}.Release|x86.ActiveCfg = Release|Any CPU
		{4F90429F-3CB1-4972-AEC1-3A06FA8841D1}.SingleImage|Any CPU.ActiveCfg = Release|Any CPU
		{4F90429F-3CB1-4972-AEC1-3A06FA8841D1}.SingleImage|Any CPU.Build.0 = Release|Any CPU
		{4F90429F-3CB1-4972-AEC1-3A06FA8841D1}.SingleImage|Mixed Platforms.ActiveCfg = Debug|Any CPU
		{4F90429F-3CB1-4972-AEC1-3A06FA8841D1}.SingleImage|Mixed Platforms.Build.0 = Debug|Any CPU
		{4F90429F-3CB1-4972-AEC1-3A06FA8841D1}.SingleImage|x86.ActiveCfg = Debug|Any CPU
		{D3070A66-CE2B-447A-8DDC-7945E4DEB0D6}.CD_ROM|Any CPU.ActiveCfg = Release|Any CPU
		{D3070A66-CE2B-447A-8DDC-7945E4DEB0D6}.CD_ROM|Any CPU.Build.0 = Release|Any CPU
		{D3070A66-CE2B-447A-8DDC-7945E4DEB0D6}.CD_ROM|Mixed Platforms.ActiveCfg = Debug|Any CPU
		{D3070A66-CE2B-447A-8DDC-7945E4DEB0D6}.CD_ROM|Mixed Platforms.Build.0 = Debug|Any CPU
		{D3070A66-CE2B-447A-8DDC-7945E4DEB0D6}.CD_ROM|x86.ActiveCfg = Debug|Any CPU
		{D3070A66-CE2B-447A-8DDC-7945E4DEB0D6}.Debug|Any CPU.ActiveCfg = Debug|Any CPU
		{D3070A66-CE2B-447A-8DDC-7945E4DEB0D6}.Debug|Any CPU.Build.0 = Debug|Any CPU
		{D3070A66-CE2B-447A-8DDC-7945E4DEB0D6}.Debug|Mixed Platforms.ActiveCfg = Debug|Any CPU
		{D3070A66-CE2B-447A-8DDC-7945E4DEB0D6}.Debug|Mixed Platforms.Build.0 = Debug|Any CPU
		{D3070A66-CE2B-447A-8DDC-7945E4DEB0D6}.Debug|x86.ActiveCfg = Debug|Any CPU
		{D3070A66-CE2B-447A-8DDC-7945E4DEB0D6}.DVD-5|Any CPU.ActiveCfg = Debug|Any CPU
		{D3070A66-CE2B-447A-8DDC-7945E4DEB0D6}.DVD-5|Any CPU.Build.0 = Debug|Any CPU
		{D3070A66-CE2B-447A-8DDC-7945E4DEB0D6}.DVD-5|Mixed Platforms.ActiveCfg = Debug|Any CPU
		{D3070A66-CE2B-447A-8DDC-7945E4DEB0D6}.DVD-5|Mixed Platforms.Build.0 = Debug|Any CPU
		{D3070A66-CE2B-447A-8DDC-7945E4DEB0D6}.DVD-5|x86.ActiveCfg = Debug|Any CPU
		{D3070A66-CE2B-447A-8DDC-7945E4DEB0D6}.Release|Any CPU.ActiveCfg = Release|Any CPU
		{D3070A66-CE2B-447A-8DDC-7945E4DEB0D6}.Release|Any CPU.Build.0 = Release|Any CPU
		{D3070A66-CE2B-447A-8DDC-7945E4DEB0D6}.Release|Mixed Platforms.ActiveCfg = Release|Any CPU
		{D3070A66-CE2B-447A-8DDC-7945E4DEB0D6}.Release|Mixed Platforms.Build.0 = Release|Any CPU
		{D3070A66-CE2B-447A-8DDC-7945E4DEB0D6}.Release|x86.ActiveCfg = Release|Any CPU
		{D3070A66-CE2B-447A-8DDC-7945E4DEB0D6}.SingleImage|Any CPU.ActiveCfg = Release|Any CPU
		{D3070A66-CE2B-447A-8DDC-7945E4DEB0D6}.SingleImage|Any CPU.Build.0 = Release|Any CPU
		{D3070A66-CE2B-447A-8DDC-7945E4DEB0D6}.SingleImage|Mixed Platforms.ActiveCfg = Debug|Any CPU
		{D3070A66-CE2B-447A-8DDC-7945E4DEB0D6}.SingleImage|Mixed Platforms.Build.0 = Debug|Any CPU
		{D3070A66-CE2B-447A-8DDC-7945E4DEB0D6}.SingleImage|x86.ActiveCfg = Debug|Any CPU
		{D30030BC-1389-49C5-82A8-7AC43FACAAD2}.CD_ROM|Any CPU.ActiveCfg = Release|Any CPU
		{D30030BC-1389-49C5-82A8-7AC43FACAAD2}.CD_ROM|Any CPU.Build.0 = Release|Any CPU
		{D30030BC-1389-49C5-82A8-7AC43FACAAD2}.CD_ROM|Mixed Platforms.ActiveCfg = Debug|Any CPU
		{D30030BC-1389-49C5-82A8-7AC43FACAAD2}.CD_ROM|Mixed Platforms.Build.0 = Debug|Any CPU
		{D30030BC-1389-49C5-82A8-7AC43FACAAD2}.CD_ROM|x86.ActiveCfg = Debug|Any CPU
		{D30030BC-1389-49C5-82A8-7AC43FACAAD2}.Debug|Any CPU.ActiveCfg = Debug|Any CPU
		{D30030BC-1389-49C5-82A8-7AC43FACAAD2}.Debug|Any CPU.Build.0 = Debug|Any CPU
		{D30030BC-1389-49C5-82A8-7AC43FACAAD2}.Debug|Mixed Platforms.ActiveCfg = Debug|Any CPU
		{D30030BC-1389-49C5-82A8-7AC43FACAAD2}.Debug|Mixed Platforms.Build.0 = Debug|Any CPU
		{D30030BC-1389-49C5-82A8-7AC43FACAAD2}.Debug|x86.ActiveCfg = Debug|Any CPU
		{D30030BC-1389-49C5-82A8-7AC43FACAAD2}.DVD-5|Any CPU.ActiveCfg = Debug|Any CPU
		{D30030BC-1389-49C5-82A8-7AC43FACAAD2}.DVD-5|Any CPU.Build.0 = Debug|Any CPU
		{D30030BC-1389-49C5-82A8-7AC43FACAAD2}.DVD-5|Mixed Platforms.ActiveCfg = Debug|Any CPU
		{D30030BC-1389-49C5-82A8-7AC43FACAAD2}.DVD-5|Mixed Platforms.Build.0 = Debug|Any CPU
		{D30030BC-1389-49C5-82A8-7AC43FACAAD2}.DVD-5|x86.ActiveCfg = Debug|Any CPU
		{D30030BC-1389-49C5-82A8-7AC43FACAAD2}.Release|Any CPU.ActiveCfg = Release|Any CPU
		{D30030BC-1389-49C5-82A8-7AC43FACAAD2}.Release|Any CPU.Build.0 = Release|Any CPU
		{D30030BC-1389-49C5-82A8-7AC43FACAAD2}.Release|Mixed Platforms.ActiveCfg = Release|Any CPU
		{D30030BC-1389-49C5-82A8-7AC43FACAAD2}.Release|Mixed Platforms.Build.0 = Release|Any CPU
		{D30030BC-1389-49C5-82A8-7AC43FACAAD2}.Release|x86.ActiveCfg = Release|Any CPU
		{D30030BC-1389-49C5-82A8-7AC43FACAAD2}.SingleImage|Any CPU.ActiveCfg = Release|Any CPU
		{D30030BC-1389-49C5-82A8-7AC43FACAAD2}.SingleImage|Any CPU.Build.0 = Release|Any CPU
		{D30030BC-1389-49C5-82A8-7AC43FACAAD2}.SingleImage|Mixed Platforms.ActiveCfg = Debug|Any CPU
		{D30030BC-1389-49C5-82A8-7AC43FACAAD2}.SingleImage|Mixed Platforms.Build.0 = Debug|Any CPU
		{D30030BC-1389-49C5-82A8-7AC43FACAAD2}.SingleImage|x86.ActiveCfg = Debug|Any CPU
		{4856180F-5C9E-4F8A-9A75-8CEA6B6B5F70}.CD_ROM|Any CPU.ActiveCfg = Release|Any CPU
		{4856180F-5C9E-4F8A-9A75-8CEA6B6B5F70}.CD_ROM|Any CPU.Build.0 = Release|Any CPU
		{4856180F-5C9E-4F8A-9A75-8CEA6B6B5F70}.CD_ROM|Mixed Platforms.ActiveCfg = Release|Any CPU
		{4856180F-5C9E-4F8A-9A75-8CEA6B6B5F70}.CD_ROM|Mixed Platforms.Build.0 = Release|Any CPU
		{4856180F-5C9E-4F8A-9A75-8CEA6B6B5F70}.CD_ROM|x86.ActiveCfg = Release|Any CPU
		{4856180F-5C9E-4F8A-9A75-8CEA6B6B5F70}.Debug|Any CPU.ActiveCfg = Debug|Any CPU
		{4856180F-5C9E-4F8A-9A75-8CEA6B6B5F70}.Debug|Any CPU.Build.0 = Debug|Any CPU
		{4856180F-5C9E-4F8A-9A75-8CEA6B6B5F70}.Debug|Mixed Platforms.ActiveCfg = Debug|Any CPU
		{4856180F-5C9E-4F8A-9A75-8CEA6B6B5F70}.Debug|Mixed Platforms.Build.0 = Debug|Any CPU
		{4856180F-5C9E-4F8A-9A75-8CEA6B6B5F70}.Debug|x86.ActiveCfg = Debug|Any CPU
		{4856180F-5C9E-4F8A-9A75-8CEA6B6B5F70}.DVD-5|Any CPU.ActiveCfg = Debug|Any CPU
		{4856180F-5C9E-4F8A-9A75-8CEA6B6B5F70}.DVD-5|Any CPU.Build.0 = Debug|Any CPU
		{4856180F-5C9E-4F8A-9A75-8CEA6B6B5F70}.DVD-5|Mixed Platforms.ActiveCfg = Debug|Any CPU
		{4856180F-5C9E-4F8A-9A75-8CEA6B6B5F70}.DVD-5|Mixed Platforms.Build.0 = Debug|Any CPU
		{4856180F-5C9E-4F8A-9A75-8CEA6B6B5F70}.DVD-5|x86.ActiveCfg = Debug|Any CPU
		{4856180F-5C9E-4F8A-9A75-8CEA6B6B5F70}.Release|Any CPU.ActiveCfg = Release|Any CPU
		{4856180F-5C9E-4F8A-9A75-8CEA6B6B5F70}.Release|Any CPU.Build.0 = Release|Any CPU
		{4856180F-5C9E-4F8A-9A75-8CEA6B6B5F70}.Release|Mixed Platforms.ActiveCfg = Release|Any CPU
		{4856180F-5C9E-4F8A-9A75-8CEA6B6B5F70}.Release|Mixed Platforms.Build.0 = Release|Any CPU
		{4856180F-5C9E-4F8A-9A75-8CEA6B6B5F70}.Release|x86.ActiveCfg = Release|Any CPU
		{4856180F-5C9E-4F8A-9A75-8CEA6B6B5F70}.SingleImage|Any CPU.ActiveCfg = Release|Any CPU
		{4856180F-5C9E-4F8A-9A75-8CEA6B6B5F70}.SingleImage|Any CPU.Build.0 = Release|Any CPU
		{4856180F-5C9E-4F8A-9A75-8CEA6B6B5F70}.SingleImage|Mixed Platforms.ActiveCfg = Release|Any CPU
		{4856180F-5C9E-4F8A-9A75-8CEA6B6B5F70}.SingleImage|Mixed Platforms.Build.0 = Release|Any CPU
		{4856180F-5C9E-4F8A-9A75-8CEA6B6B5F70}.SingleImage|x86.ActiveCfg = Release|Any CPU
		{38C37E59-68FA-4AFE-AB69-902062182EB7}.CD_ROM|Any CPU.ActiveCfg = Release|Any CPU
		{38C37E59-68FA-4AFE-AB69-902062182EB7}.CD_ROM|Any CPU.Build.0 = Release|Any CPU
		{38C37E59-68FA-4AFE-AB69-902062182EB7}.CD_ROM|Mixed Platforms.ActiveCfg = Release|Any CPU
		{38C37E59-68FA-4AFE-AB69-902062182EB7}.CD_ROM|Mixed Platforms.Build.0 = Release|Any CPU
		{38C37E59-68FA-4AFE-AB69-902062182EB7}.CD_ROM|x86.ActiveCfg = Release|Any CPU
		{38C37E59-68FA-4AFE-AB69-902062182EB7}.Debug|Any CPU.ActiveCfg = Debug|Any CPU
		{38C37E59-68FA-4AFE-AB69-902062182EB7}.Debug|Any CPU.Build.0 = Debug|Any CPU
		{38C37E59-68FA-4AFE-AB69-902062182EB7}.Debug|Mixed Platforms.ActiveCfg = Debug|Any CPU
		{38C37E59-68FA-4AFE-AB69-902062182EB7}.Debug|Mixed Platforms.Build.0 = Debug|Any CPU
		{38C37E59-68FA-4AFE-AB69-902062182EB7}.Debug|x86.ActiveCfg = Debug|Any CPU
		{38C37E59-68FA-4AFE-AB69-902062182EB7}.DVD-5|Any CPU.ActiveCfg = Debug|Any CPU
		{38C37E59-68FA-4AFE-AB69-902062182EB7}.DVD-5|Any CPU.Build.0 = Debug|Any CPU
		{38C37E59-68FA-4AFE-AB69-902062182EB7}.DVD-5|Mixed Platforms.ActiveCfg = Debug|Any CPU
		{38C37E59-68FA-4AFE-AB69-902062182EB7}.DVD-5|Mixed Platforms.Build.0 = Debug|Any CPU
		{38C37E59-68FA-4AFE-AB69-902062182EB7}.DVD-5|x86.ActiveCfg = Debug|Any CPU
		{38C37E59-68FA-4AFE-AB69-902062182EB7}.Release|Any CPU.ActiveCfg = Release|Any CPU
		{38C37E59-68FA-4AFE-AB69-902062182EB7}.Release|Any CPU.Build.0 = Release|Any CPU
		{38C37E59-68FA-4AFE-AB69-902062182EB7}.Release|Mixed Platforms.ActiveCfg = Release|Any CPU
		{38C37E59-68FA-4AFE-AB69-902062182EB7}.Release|Mixed Platforms.Build.0 = Release|Any CPU
		{38C37E59-68FA-4AFE-AB69-902062182EB7}.Release|x86.ActiveCfg = Release|Any CPU
		{38C37E59-68FA-4AFE-AB69-902062182EB7}.SingleImage|Any CPU.ActiveCfg = Release|Any CPU
		{38C37E59-68FA-4AFE-AB69-902062182EB7}.SingleImage|Any CPU.Build.0 = Release|Any CPU
		{38C37E59-68FA-4AFE-AB69-902062182EB7}.SingleImage|Mixed Platforms.ActiveCfg = Release|Any CPU
		{38C37E59-68FA-4AFE-AB69-902062182EB7}.SingleImage|Mixed Platforms.Build.0 = Release|Any CPU
		{38C37E59-68FA-4AFE-AB69-902062182EB7}.SingleImage|x86.ActiveCfg = Release|Any CPU
		{18ADBFB2-7827-48F5-8E49-63295E0198F4}.CD_ROM|Any CPU.ActiveCfg = Release|Any CPU
		{18ADBFB2-7827-48F5-8E49-63295E0198F4}.CD_ROM|Any CPU.Build.0 = Release|Any CPU
		{18ADBFB2-7827-48F5-8E49-63295E0198F4}.CD_ROM|Mixed Platforms.ActiveCfg = Release|Any CPU
		{18ADBFB2-7827-48F5-8E49-63295E0198F4}.CD_ROM|Mixed Platforms.Build.0 = Release|Any CPU
		{18ADBFB2-7827-48F5-8E49-63295E0198F4}.CD_ROM|x86.ActiveCfg = Release|Any CPU
		{18ADBFB2-7827-48F5-8E49-63295E0198F4}.Debug|Any CPU.ActiveCfg = Debug|Any CPU
		{18ADBFB2-7827-48F5-8E49-63295E0198F4}.Debug|Any CPU.Build.0 = Debug|Any CPU
		{18ADBFB2-7827-48F5-8E49-63295E0198F4}.Debug|Mixed Platforms.ActiveCfg = Debug|Any CPU
		{18ADBFB2-7827-48F5-8E49-63295E0198F4}.Debug|Mixed Platforms.Build.0 = Debug|Any CPU
		{18ADBFB2-7827-48F5-8E49-63295E0198F4}.Debug|x86.ActiveCfg = Debug|Any CPU
		{18ADBFB2-7827-48F5-8E49-63295E0198F4}.DVD-5|Any CPU.ActiveCfg = Debug|Any CPU
		{18ADBFB2-7827-48F5-8E49-63295E0198F4}.DVD-5|Any CPU.Build.0 = Debug|Any CPU
		{18ADBFB2-7827-48F5-8E49-63295E0198F4}.DVD-5|Mixed Platforms.ActiveCfg = Debug|Any CPU
		{18ADBFB2-7827-48F5-8E49-63295E0198F4}.DVD-5|Mixed Platforms.Build.0 = Debug|Any CPU
		{18ADBFB2-7827-48F5-8E49-63295E0198F4}.DVD-5|x86.ActiveCfg = Debug|Any CPU
		{18ADBFB2-7827-48F5-8E49-63295E0198F4}.Release|Any CPU.ActiveCfg = Release|Any CPU
		{18ADBFB2-7827-48F5-8E49-63295E0198F4}.Release|Any CPU.Build.0 = Release|Any CPU
		{18ADBFB2-7827-48F5-8E49-63295E0198F4}.Release|Mixed Platforms.ActiveCfg = Release|Any CPU
		{18ADBFB2-7827-48F5-8E49-63295E0198F4}.Release|Mixed Platforms.Build.0 = Release|Any CPU
		{18ADBFB2-7827-48F5-8E49-63295E0198F4}.Release|x86.ActiveCfg = Release|Any CPU
		{18ADBFB2-7827-48F5-8E49-63295E0198F4}.SingleImage|Any CPU.ActiveCfg = Release|Any CPU
		{18ADBFB2-7827-48F5-8E49-63295E0198F4}.SingleImage|Any CPU.Build.0 = Release|Any CPU
		{18ADBFB2-7827-48F5-8E49-63295E0198F4}.SingleImage|Mixed Platforms.ActiveCfg = Release|Any CPU
		{18ADBFB2-7827-48F5-8E49-63295E0198F4}.SingleImage|Mixed Platforms.Build.0 = Release|Any CPU
		{18ADBFB2-7827-48F5-8E49-63295E0198F4}.SingleImage|x86.ActiveCfg = Release|Any CPU
		{E1245213-2618-4ECB-BCD7-9BC1F5F2C524}.CD_ROM|Any CPU.ActiveCfg = Release|x86
		{E1245213-2618-4ECB-BCD7-9BC1F5F2C524}.CD_ROM|Mixed Platforms.ActiveCfg = Release|x86
		{E1245213-2618-4ECB-BCD7-9BC1F5F2C524}.CD_ROM|Mixed Platforms.Build.0 = Release|x86
		{E1245213-2618-4ECB-BCD7-9BC1F5F2C524}.CD_ROM|x86.ActiveCfg = Release|x86
		{E1245213-2618-4ECB-BCD7-9BC1F5F2C524}.CD_ROM|x86.Build.0 = Release|x86
		{E1245213-2618-4ECB-BCD7-9BC1F5F2C524}.Debug|Any CPU.ActiveCfg = Debug|x86
		{E1245213-2618-4ECB-BCD7-9BC1F5F2C524}.Debug|Mixed Platforms.ActiveCfg = Debug|x86
		{E1245213-2618-4ECB-BCD7-9BC1F5F2C524}.Debug|Mixed Platforms.Build.0 = Debug|x86
		{E1245213-2618-4ECB-BCD7-9BC1F5F2C524}.Debug|x86.ActiveCfg = Debug|x86
		{E1245213-2618-4ECB-BCD7-9BC1F5F2C524}.Debug|x86.Build.0 = Debug|x86
		{E1245213-2618-4ECB-BCD7-9BC1F5F2C524}.DVD-5|Any CPU.ActiveCfg = Debug|x86
		{E1245213-2618-4ECB-BCD7-9BC1F5F2C524}.DVD-5|Mixed Platforms.ActiveCfg = Debug|x86
		{E1245213-2618-4ECB-BCD7-9BC1F5F2C524}.DVD-5|Mixed Platforms.Build.0 = Debug|x86
		{E1245213-2618-4ECB-BCD7-9BC1F5F2C524}.DVD-5|x86.ActiveCfg = Debug|x86
		{E1245213-2618-4ECB-BCD7-9BC1F5F2C524}.DVD-5|x86.Build.0 = Debug|x86
		{E1245213-2618-4ECB-BCD7-9BC1F5F2C524}.Release|Any CPU.ActiveCfg = Release|x86
		{E1245213-2618-4ECB-BCD7-9BC1F5F2C524}.Release|Mixed Platforms.ActiveCfg = Release|x86
		{E1245213-2618-4ECB-BCD7-9BC1F5F2C524}.Release|Mixed Platforms.Build.0 = Release|x86
		{E1245213-2618-4ECB-BCD7-9BC1F5F2C524}.Release|x86.ActiveCfg = Release|x86
		{E1245213-2618-4ECB-BCD7-9BC1F5F2C524}.Release|x86.Build.0 = Release|x86
		{E1245213-2618-4ECB-BCD7-9BC1F5F2C524}.SingleImage|Any CPU.ActiveCfg = Release|x86
		{E1245213-2618-4ECB-BCD7-9BC1F5F2C524}.SingleImage|Mixed Platforms.ActiveCfg = Release|x86
		{E1245213-2618-4ECB-BCD7-9BC1F5F2C524}.SingleImage|Mixed Platforms.Build.0 = Release|x86
		{E1245213-2618-4ECB-BCD7-9BC1F5F2C524}.SingleImage|x86.ActiveCfg = Release|x86
		{E1245213-2618-4ECB-BCD7-9BC1F5F2C524}.SingleImage|x86.Build.0 = Release|x86
		{B9C0E040-88A2-4B75-A04E-7DDF0F1FD0E0}.CD_ROM|Any CPU.ActiveCfg = Release|x86
		{B9C0E040-88A2-4B75-A04E-7DDF0F1FD0E0}.CD_ROM|Mixed Platforms.ActiveCfg = Release|x86
		{B9C0E040-88A2-4B75-A04E-7DDF0F1FD0E0}.CD_ROM|Mixed Platforms.Build.0 = Release|x86
		{B9C0E040-88A2-4B75-A04E-7DDF0F1FD0E0}.CD_ROM|x86.ActiveCfg = Release|x86
		{B9C0E040-88A2-4B75-A04E-7DDF0F1FD0E0}.CD_ROM|x86.Build.0 = Release|x86
		{B9C0E040-88A2-4B75-A04E-7DDF0F1FD0E0}.Debug|Any CPU.ActiveCfg = Debug|x86
		{B9C0E040-88A2-4B75-A04E-7DDF0F1FD0E0}.Debug|Mixed Platforms.ActiveCfg = Debug|x86
		{B9C0E040-88A2-4B75-A04E-7DDF0F1FD0E0}.Debug|Mixed Platforms.Build.0 = Debug|x86
		{B9C0E040-88A2-4B75-A04E-7DDF0F1FD0E0}.Debug|x86.ActiveCfg = Debug|x86
		{B9C0E040-88A2-4B75-A04E-7DDF0F1FD0E0}.Debug|x86.Build.0 = Debug|x86
		{B9C0E040-88A2-4B75-A04E-7DDF0F1FD0E0}.DVD-5|Any CPU.ActiveCfg = Debug|x86
		{B9C0E040-88A2-4B75-A04E-7DDF0F1FD0E0}.DVD-5|Mixed Platforms.ActiveCfg = Debug|x86
		{B9C0E040-88A2-4B75-A04E-7DDF0F1FD0E0}.DVD-5|Mixed Platforms.Build.0 = Debug|x86
		{B9C0E040-88A2-4B75-A04E-7DDF0F1FD0E0}.DVD-5|x86.ActiveCfg = Debug|x86
		{B9C0E040-88A2-4B75-A04E-7DDF0F1FD0E0}.DVD-5|x86.Build.0 = Debug|x86
		{B9C0E040-88A2-4B75-A04E-7DDF0F1FD0E0}.Release|Any CPU.ActiveCfg = Release|x86
		{B9C0E040-88A2-4B75-A04E-7DDF0F1FD0E0}.Release|Mixed Platforms.ActiveCfg = Release|x86
		{B9C0E040-88A2-4B75-A04E-7DDF0F1FD0E0}.Release|Mixed Platforms.Build.0 = Release|x86
		{B9C0E040-88A2-4B75-A04E-7DDF0F1FD0E0}.Release|x86.ActiveCfg = Release|x86
		{B9C0E040-88A2-4B75-A04E-7DDF0F1FD0E0}.Release|x86.Build.0 = Release|x86
		{B9C0E040-88A2-4B75-A04E-7DDF0F1FD0E0}.SingleImage|Any CPU.ActiveCfg = Release|x86
		{B9C0E040-88A2-4B75-A04E-7DDF0F1FD0E0}.SingleImage|Mixed Platforms.ActiveCfg = Release|x86
		{B9C0E040-88A2-4B75-A04E-7DDF0F1FD0E0}.SingleImage|Mixed Platforms.Build.0 = Release|x86
		{B9C0E040-88A2-4B75-A04E-7DDF0F1FD0E0}.SingleImage|x86.ActiveCfg = Release|x86
		{B9C0E040-88A2-4B75-A04E-7DDF0F1FD0E0}.SingleImage|x86.Build.0 = Release|x86
		{CDCEB172-C260-4F00-85C5-BC3D22E064C3}.CD_ROM|Any CPU.ActiveCfg = Release|x86
		{CDCEB172-C260-4F00-85C5-BC3D22E064C3}.CD_ROM|Mixed Platforms.ActiveCfg = Release|x86
		{CDCEB172-C260-4F00-85C5-BC3D22E064C3}.CD_ROM|Mixed Platforms.Build.0 = Release|x86
		{CDCEB172-C260-4F00-85C5-BC3D22E064C3}.CD_ROM|x86.ActiveCfg = Release|x86
		{CDCEB172-C260-4F00-85C5-BC3D22E064C3}.CD_ROM|x86.Build.0 = Release|x86
		{CDCEB172-C260-4F00-85C5-BC3D22E064C3}.Debug|Any CPU.ActiveCfg = Debug|x86
		{CDCEB172-C260-4F00-85C5-BC3D22E064C3}.Debug|Mixed Platforms.ActiveCfg = Debug|x86
		{CDCEB172-C260-4F00-85C5-BC3D22E064C3}.Debug|Mixed Platforms.Build.0 = Debug|x86
		{CDCEB172-C260-4F00-85C5-BC3D22E064C3}.Debug|x86.ActiveCfg = Debug|x86
		{CDCEB172-C260-4F00-85C5-BC3D22E064C3}.Debug|x86.Build.0 = Debug|x86
		{CDCEB172-C260-4F00-85C5-BC3D22E064C3}.DVD-5|Any CPU.ActiveCfg = Debug|x86
		{CDCEB172-C260-4F00-85C5-BC3D22E064C3}.DVD-5|Mixed Platforms.ActiveCfg = Debug|x86
		{CDCEB172-C260-4F00-85C5-BC3D22E064C3}.DVD-5|Mixed Platforms.Build.0 = Debug|x86
		{CDCEB172-C260-4F00-85C5-BC3D22E064C3}.DVD-5|x86.ActiveCfg = Debug|x86
		{CDCEB172-C260-4F00-85C5-BC3D22E064C3}.DVD-5|x86.Build.0 = Debug|x86
		{CDCEB172-C260-4F00-85C5-BC3D22E064C3}.Release|Any CPU.ActiveCfg = Release|x86
		{CDCEB172-C260-4F00-85C5-BC3D22E064C3}.Release|Mixed Platforms.ActiveCfg = Release|x86
		{CDCEB172-C260-4F00-85C5-BC3D22E064C3}.Release|Mixed Platforms.Build.0 = Release|x86
		{CDCEB172-C260-4F00-85C5-BC3D22E064C3}.Release|x86.ActiveCfg = Release|x86
		{CDCEB172-C260-4F00-85C5-BC3D22E064C3}.Release|x86.Build.0 = Release|x86
		{CDCEB172-C260-4F00-85C5-BC3D22E064C3}.SingleImage|Any CPU.ActiveCfg = Release|x86
		{CDCEB172-C260-4F00-85C5-BC3D22E064C3}.SingleImage|Mixed Platforms.ActiveCfg = Release|x86
		{CDCEB172-C260-4F00-85C5-BC3D22E064C3}.SingleImage|Mixed Platforms.Build.0 = Release|x86
		{CDCEB172-C260-4F00-85C5-BC3D22E064C3}.SingleImage|x86.ActiveCfg = Release|x86
		{CDCEB172-C260-4F00-85C5-BC3D22E064C3}.SingleImage|x86.Build.0 = Release|x86
		{8E916D8C-6CE0-47C8-B787-2FFEF49C17A2}.CD_ROM|Any CPU.ActiveCfg = Release|Any CPU
		{8E916D8C-6CE0-47C8-B787-2FFEF49C17A2}.CD_ROM|Any CPU.Build.0 = Release|Any CPU
		{8E916D8C-6CE0-47C8-B787-2FFEF49C17A2}.CD_ROM|Mixed Platforms.ActiveCfg = Release|Any CPU
		{8E916D8C-6CE0-47C8-B787-2FFEF49C17A2}.CD_ROM|Mixed Platforms.Build.0 = Release|Any CPU
		{8E916D8C-6CE0-47C8-B787-2FFEF49C17A2}.CD_ROM|x86.ActiveCfg = Release|Any CPU
		{8E916D8C-6CE0-47C8-B787-2FFEF49C17A2}.Debug|Any CPU.ActiveCfg = Debug|Any CPU
		{8E916D8C-6CE0-47C8-B787-2FFEF49C17A2}.Debug|Any CPU.Build.0 = Debug|Any CPU
		{8E916D8C-6CE0-47C8-B787-2FFEF49C17A2}.Debug|Mixed Platforms.ActiveCfg = Debug|Any CPU
		{8E916D8C-6CE0-47C8-B787-2FFEF49C17A2}.Debug|Mixed Platforms.Build.0 = Debug|Any CPU
		{8E916D8C-6CE0-47C8-B787-2FFEF49C17A2}.Debug|x86.ActiveCfg = Debug|Any CPU
		{8E916D8C-6CE0-47C8-B787-2FFEF49C17A2}.DVD-5|Any CPU.ActiveCfg = Debug|Any CPU
		{8E916D8C-6CE0-47C8-B787-2FFEF49C17A2}.DVD-5|Any CPU.Build.0 = Debug|Any CPU
		{8E916D8C-6CE0-47C8-B787-2FFEF49C17A2}.DVD-5|Mixed Platforms.ActiveCfg = Debug|Any CPU
		{8E916D8C-6CE0-47C8-B787-2FFEF49C17A2}.DVD-5|Mixed Platforms.Build.0 = Debug|Any CPU
		{8E916D8C-6CE0-47C8-B787-2FFEF49C17A2}.DVD-5|x86.ActiveCfg = Debug|Any CPU
		{8E916D8C-6CE0-47C8-B787-2FFEF49C17A2}.Release|Any CPU.ActiveCfg = Release|Any CPU
		{8E916D8C-6CE0-47C8-B787-2FFEF49C17A2}.Release|Any CPU.Build.0 = Release|Any CPU
		{8E916D8C-6CE0-47C8-B787-2FFEF49C17A2}.Release|Mixed Platforms.ActiveCfg = Release|Any CPU
		{8E916D8C-6CE0-47C8-B787-2FFEF49C17A2}.Release|Mixed Platforms.Build.0 = Release|Any CPU
		{8E916D8C-6CE0-47C8-B787-2FFEF49C17A2}.Release|x86.ActiveCfg = Release|Any CPU
		{8E916D8C-6CE0-47C8-B787-2FFEF49C17A2}.SingleImage|Any CPU.ActiveCfg = Release|Any CPU
		{8E916D8C-6CE0-47C8-B787-2FFEF49C17A2}.SingleImage|Any CPU.Build.0 = Release|Any CPU
		{8E916D8C-6CE0-47C8-B787-2FFEF49C17A2}.SingleImage|Mixed Platforms.ActiveCfg = Release|Any CPU
		{8E916D8C-6CE0-47C8-B787-2FFEF49C17A2}.SingleImage|Mixed Platforms.Build.0 = Release|Any CPU
		{8E916D8C-6CE0-47C8-B787-2FFEF49C17A2}.SingleImage|x86.ActiveCfg = Release|Any CPU
		{5DCC15D4-93D1-4D86-AD80-AC58154E865B}.CD_ROM|Any CPU.ActiveCfg = Release|Any CPU
		{5DCC15D4-93D1-4D86-AD80-AC58154E865B}.CD_ROM|Any CPU.Build.0 = Release|Any CPU
		{5DCC15D4-93D1-4D86-AD80-AC58154E865B}.CD_ROM|Mixed Platforms.ActiveCfg = Release|Any CPU
		{5DCC15D4-93D1-4D86-AD80-AC58154E865B}.CD_ROM|Mixed Platforms.Build.0 = Release|Any CPU
		{5DCC15D4-93D1-4D86-AD80-AC58154E865B}.CD_ROM|x86.ActiveCfg = Release|Any CPU
		{5DCC15D4-93D1-4D86-AD80-AC58154E865B}.Debug|Any CPU.ActiveCfg = Debug|Any CPU
		{5DCC15D4-93D1-4D86-AD80-AC58154E865B}.Debug|Any CPU.Build.0 = Debug|Any CPU
		{5DCC15D4-93D1-4D86-AD80-AC58154E865B}.Debug|Mixed Platforms.ActiveCfg = Debug|Any CPU
		{5DCC15D4-93D1-4D86-AD80-AC58154E865B}.Debug|Mixed Platforms.Build.0 = Debug|Any CPU
		{5DCC15D4-93D1-4D86-AD80-AC58154E865B}.Debug|x86.ActiveCfg = Debug|Any CPU
		{5DCC15D4-93D1-4D86-AD80-AC58154E865B}.DVD-5|Any CPU.ActiveCfg = Debug|Any CPU
		{5DCC15D4-93D1-4D86-AD80-AC58154E865B}.DVD-5|Any CPU.Build.0 = Debug|Any CPU
		{5DCC15D4-93D1-4D86-AD80-AC58154E865B}.DVD-5|Mixed Platforms.ActiveCfg = Debug|Any CPU
		{5DCC15D4-93D1-4D86-AD80-AC58154E865B}.DVD-5|Mixed Platforms.Build.0 = Debug|Any CPU
		{5DCC15D4-93D1-4D86-AD80-AC58154E865B}.DVD-5|x86.ActiveCfg = Debug|Any CPU
		{5DCC15D4-93D1-4D86-AD80-AC58154E865B}.Release|Any CPU.ActiveCfg = Release|Any CPU
		{5DCC15D4-93D1-4D86-AD80-AC58154E865B}.Release|Any CPU.Build.0 = Release|Any CPU
		{5DCC15D4-93D1-4D86-AD80-AC58154E865B}.Release|Mixed Platforms.ActiveCfg = Release|Any CPU
		{5DCC15D4-93D1-4D86-AD80-AC58154E865B}.Release|Mixed Platforms.Build.0 = Release|Any CPU
		{5DCC15D4-93D1-4D86-AD80-AC58154E865B}.Release|x86.ActiveCfg = Release|Any CPU
		{5DCC15D4-93D1-4D86-AD80-AC58154E865B}.SingleImage|Any CPU.ActiveCfg = Release|Any CPU
		{5DCC15D4-93D1-4D86-AD80-AC58154E865B}.SingleImage|Any CPU.Build.0 = Release|Any CPU
		{5DCC15D4-93D1-4D86-AD80-AC58154E865B}.SingleImage|Mixed Platforms.ActiveCfg = Release|Any CPU
		{5DCC15D4-93D1-4D86-AD80-AC58154E865B}.SingleImage|Mixed Platforms.Build.0 = Release|Any CPU
		{5DCC15D4-93D1-4D86-AD80-AC58154E865B}.SingleImage|x86.ActiveCfg = Release|Any CPU
		{2A4121A1-BFF5-4EFD-AB38-7478DB8944E9}.CD_ROM|Any CPU.ActiveCfg = Release|Any CPU
		{2A4121A1-BFF5-4EFD-AB38-7478DB8944E9}.CD_ROM|Any CPU.Build.0 = Release|Any CPU
		{2A4121A1-BFF5-4EFD-AB38-7478DB8944E9}.CD_ROM|Mixed Platforms.ActiveCfg = Release|Any CPU
		{2A4121A1-BFF5-4EFD-AB38-7478DB8944E9}.CD_ROM|Mixed Platforms.Build.0 = Release|Any CPU
		{2A4121A1-BFF5-4EFD-AB38-7478DB8944E9}.CD_ROM|x86.ActiveCfg = Release|Any CPU
		{2A4121A1-BFF5-4EFD-AB38-7478DB8944E9}.Debug|Any CPU.ActiveCfg = Debug|Any CPU
		{2A4121A1-BFF5-4EFD-AB38-7478DB8944E9}.Debug|Any CPU.Build.0 = Debug|Any CPU
		{2A4121A1-BFF5-4EFD-AB38-7478DB8944E9}.Debug|Mixed Platforms.ActiveCfg = Debug|Any CPU
		{2A4121A1-BFF5-4EFD-AB38-7478DB8944E9}.Debug|Mixed Platforms.Build.0 = Debug|Any CPU
		{2A4121A1-BFF5-4EFD-AB38-7478DB8944E9}.Debug|x86.ActiveCfg = Debug|Any CPU
		{2A4121A1-BFF5-4EFD-AB38-7478DB8944E9}.DVD-5|Any CPU.ActiveCfg = Debug|Any CPU
		{2A4121A1-BFF5-4EFD-AB38-7478DB8944E9}.DVD-5|Any CPU.Build.0 = Debug|Any CPU
		{2A4121A1-BFF5-4EFD-AB38-7478DB8944E9}.DVD-5|Mixed Platforms.ActiveCfg = Debug|Any CPU
		{2A4121A1-BFF5-4EFD-AB38-7478DB8944E9}.DVD-5|Mixed Platforms.Build.0 = Debug|Any CPU
		{2A4121A1-BFF5-4EFD-AB38-7478DB8944E9}.DVD-5|x86.ActiveCfg = Debug|Any CPU
		{2A4121A1-BFF5-4EFD-AB38-7478DB8944E9}.Release|Any CPU.ActiveCfg = Release|Any CPU
		{2A4121A1-BFF5-4EFD-AB38-7478DB8944E9}.Release|Any CPU.Build.0 = Release|Any CPU
		{2A4121A1-BFF5-4EFD-AB38-7478DB8944E9}.Release|Mixed Platforms.ActiveCfg = Release|Any CPU
		{2A4121A1-BFF5-4EFD-AB38-7478DB8944E9}.Release|Mixed Platforms.Build.0 = Release|Any CPU
		{2A4121A1-BFF5-4EFD-AB38-7478DB8944E9}.Release|x86.ActiveCfg = Release|Any CPU
		{2A4121A1-BFF5-4EFD-AB38-7478DB8944E9}.SingleImage|Any CPU.ActiveCfg = Release|Any CPU
		{2A4121A1-BFF5-4EFD-AB38-7478DB8944E9}.SingleImage|Any CPU.Build.0 = Release|Any CPU
		{2A4121A1-BFF5-4EFD-AB38-7478DB8944E9}.SingleImage|Mixed Platforms.ActiveCfg = Release|Any CPU
		{2A4121A1-BFF5-4EFD-AB38-7478DB8944E9}.SingleImage|Mixed Platforms.Build.0 = Release|Any CPU
		{2A4121A1-BFF5-4EFD-AB38-7478DB8944E9}.SingleImage|x86.ActiveCfg = Release|Any CPU
		{328A5B46-833C-49A2-978C-C044F2C011C5}.CD_ROM|Any CPU.ActiveCfg = Release|Any CPU
		{328A5B46-833C-49A2-978C-C044F2C011C5}.CD_ROM|Any CPU.Build.0 = Release|Any CPU
		{328A5B46-833C-49A2-978C-C044F2C011C5}.CD_ROM|Mixed Platforms.ActiveCfg = Release|Any CPU
		{328A5B46-833C-49A2-978C-C044F2C011C5}.CD_ROM|Mixed Platforms.Build.0 = Release|Any CPU
		{328A5B46-833C-49A2-978C-C044F2C011C5}.CD_ROM|x86.ActiveCfg = Release|Any CPU
		{328A5B46-833C-49A2-978C-C044F2C011C5}.CD_ROM|x86.Build.0 = Release|Any CPU
		{328A5B46-833C-49A2-978C-C044F2C011C5}.Debug|Any CPU.ActiveCfg = Debug|Any CPU
		{328A5B46-833C-49A2-978C-C044F2C011C5}.Debug|Any CPU.Build.0 = Debug|Any CPU
		{328A5B46-833C-49A2-978C-C044F2C011C5}.Debug|Mixed Platforms.ActiveCfg = Debug|Any CPU
		{328A5B46-833C-49A2-978C-C044F2C011C5}.Debug|Mixed Platforms.Build.0 = Debug|Any CPU
		{328A5B46-833C-49A2-978C-C044F2C011C5}.Debug|x86.ActiveCfg = Debug|Any CPU
		{328A5B46-833C-49A2-978C-C044F2C011C5}.Debug|x86.Build.0 = Debug|Any CPU
		{328A5B46-833C-49A2-978C-C044F2C011C5}.DVD-5|Any CPU.ActiveCfg = Debug|Any CPU
		{328A5B46-833C-49A2-978C-C044F2C011C5}.DVD-5|Any CPU.Build.0 = Debug|Any CPU
		{328A5B46-833C-49A2-978C-C044F2C011C5}.DVD-5|Mixed Platforms.ActiveCfg = Debug|Any CPU
		{328A5B46-833C-49A2-978C-C044F2C011C5}.DVD-5|Mixed Platforms.Build.0 = Debug|Any CPU
		{328A5B46-833C-49A2-978C-C044F2C011C5}.DVD-5|x86.ActiveCfg = Debug|Any CPU
		{328A5B46-833C-49A2-978C-C044F2C011C5}.DVD-5|x86.Build.0 = Debug|Any CPU
		{328A5B46-833C-49A2-978C-C044F2C011C5}.Release|Any CPU.ActiveCfg = Release|Any CPU
		{328A5B46-833C-49A2-978C-C044F2C011C5}.Release|Any CPU.Build.0 = Release|Any CPU
		{328A5B46-833C-49A2-978C-C044F2C011C5}.Release|Mixed Platforms.ActiveCfg = Release|Any CPU
		{328A5B46-833C-49A2-978C-C044F2C011C5}.Release|Mixed Platforms.Build.0 = Release|Any CPU
		{328A5B46-833C-49A2-978C-C044F2C011C5}.Release|x86.ActiveCfg = Release|Any CPU
		{328A5B46-833C-49A2-978C-C044F2C011C5}.Release|x86.Build.0 = Release|Any CPU
		{328A5B46-833C-49A2-978C-C044F2C011C5}.SingleImage|Any CPU.ActiveCfg = Release|Any CPU
		{328A5B46-833C-49A2-978C-C044F2C011C5}.SingleImage|Any CPU.Build.0 = Release|Any CPU
		{328A5B46-833C-49A2-978C-C044F2C011C5}.SingleImage|Mixed Platforms.ActiveCfg = Release|Any CPU
		{328A5B46-833C-49A2-978C-C044F2C011C5}.SingleImage|Mixed Platforms.Build.0 = Release|Any CPU
		{328A5B46-833C-49A2-978C-C044F2C011C5}.SingleImage|x86.ActiveCfg = Release|Any CPU
		{328A5B46-833C-49A2-978C-C044F2C011C5}.SingleImage|x86.Build.0 = Release|Any CPU
		{CE654282-2F1E-4C3E-ACA0-1161B6DC7249}.CD_ROM|Any CPU.ActiveCfg = Debug|Any CPU
		{CE654282-2F1E-4C3E-ACA0-1161B6DC7249}.CD_ROM|Any CPU.Build.0 = Debug|Any CPU
		{CE654282-2F1E-4C3E-ACA0-1161B6DC7249}.CD_ROM|Mixed Platforms.ActiveCfg = Debug|Any CPU
		{CE654282-2F1E-4C3E-ACA0-1161B6DC7249}.CD_ROM|Mixed Platforms.Build.0 = Debug|Any CPU
		{CE654282-2F1E-4C3E-ACA0-1161B6DC7249}.CD_ROM|x86.ActiveCfg = Debug|Any CPU
		{CE654282-2F1E-4C3E-ACA0-1161B6DC7249}.CD_ROM|x86.Build.0 = Debug|Any CPU
		{CE654282-2F1E-4C3E-ACA0-1161B6DC7249}.Debug|Any CPU.ActiveCfg = Debug|Any CPU
		{CE654282-2F1E-4C3E-ACA0-1161B6DC7249}.Debug|Any CPU.Build.0 = Debug|Any CPU
		{CE654282-2F1E-4C3E-ACA0-1161B6DC7249}.Debug|Mixed Platforms.ActiveCfg = Debug|Any CPU
		{CE654282-2F1E-4C3E-ACA0-1161B6DC7249}.Debug|Mixed Platforms.Build.0 = Debug|Any CPU
		{CE654282-2F1E-4C3E-ACA0-1161B6DC7249}.Debug|x86.ActiveCfg = Debug|Any CPU
		{CE654282-2F1E-4C3E-ACA0-1161B6DC7249}.Debug|x86.Build.0 = Debug|Any CPU
		{CE654282-2F1E-4C3E-ACA0-1161B6DC7249}.DVD-5|Any CPU.ActiveCfg = Debug|Any CPU
		{CE654282-2F1E-4C3E-ACA0-1161B6DC7249}.DVD-5|Any CPU.Build.0 = Debug|Any CPU
		{CE654282-2F1E-4C3E-ACA0-1161B6DC7249}.DVD-5|Mixed Platforms.ActiveCfg = Debug|Any CPU
		{CE654282-2F1E-4C3E-ACA0-1161B6DC7249}.DVD-5|Mixed Platforms.Build.0 = Debug|Any CPU
		{CE654282-2F1E-4C3E-ACA0-1161B6DC7249}.DVD-5|x86.ActiveCfg = Debug|Any CPU
		{CE654282-2F1E-4C3E-ACA0-1161B6DC7249}.DVD-5|x86.Build.0 = Debug|Any CPU
		{CE654282-2F1E-4C3E-ACA0-1161B6DC7249}.Release|Any CPU.ActiveCfg = Release|Any CPU
		{CE654282-2F1E-4C3E-ACA0-1161B6DC7249}.Release|Any CPU.Build.0 = Release|Any CPU
		{CE654282-2F1E-4C3E-ACA0-1161B6DC7249}.Release|Mixed Platforms.ActiveCfg = Release|Any CPU
		{CE654282-2F1E-4C3E-ACA0-1161B6DC7249}.Release|Mixed Platforms.Build.0 = Release|Any CPU
		{CE654282-2F1E-4C3E-ACA0-1161B6DC7249}.Release|x86.ActiveCfg = Release|Any CPU
		{CE654282-2F1E-4C3E-ACA0-1161B6DC7249}.Release|x86.Build.0 = Release|Any CPU
		{CE654282-2F1E-4C3E-ACA0-1161B6DC7249}.SingleImage|Any CPU.ActiveCfg = Debug|Any CPU
		{CE654282-2F1E-4C3E-ACA0-1161B6DC7249}.SingleImage|Any CPU.Build.0 = Debug|Any CPU
		{CE654282-2F1E-4C3E-ACA0-1161B6DC7249}.SingleImage|Mixed Platforms.ActiveCfg = Debug|Any CPU
		{CE654282-2F1E-4C3E-ACA0-1161B6DC7249}.SingleImage|Mixed Platforms.Build.0 = Debug|Any CPU
		{CE654282-2F1E-4C3E-ACA0-1161B6DC7249}.SingleImage|x86.ActiveCfg = Debug|Any CPU
		{CE654282-2F1E-4C3E-ACA0-1161B6DC7249}.SingleImage|x86.Build.0 = Debug|Any CPU
	EndGlobalSection
	GlobalSection(SolutionProperties) = preSolution
		HideSolutionNode = FALSE
	EndGlobalSection
	GlobalSection(ExtensibilityGlobals) = postSolution
		SolutionGuid = {B351B8B3-B577-4E8C-B943-C8B0BA89A26C}
	EndGlobalSection
EndGlobal
